<Solution>
  <Folder Name="/src/">
    <Project Path="src/HanziLookup/HanziLookup.csproj" />
    <Project Path="src/HanziLookup.Avalonia/HanziLookup.Avalonia.csproj" />
    <Project Path="src/HanziLookup.Demo/HanziLookup.Demo.csproj" />
  </Folder>
  <Folder Name="/tests/">
    <Project Path="tests/HanziLookup.Tests/HanziLookup.Tests.csproj" />
    <Project Path="tests/HanziLookup.Demo.Tests/HanziLookup.Demo.Tests.csproj" />
  </Folder>
</Solution>
