{
  "name": "hanzilookup-reference-generator",
  "version": "1.0.0",
  "lockfileVersion": 3,
  "requires": true,
  "packages": {
    "": {
      "name": "hanzilookup-reference-generator",
      "version": "1.0.0",
      "dependencies": {
        "hanzilookup-js": "1.0.3"
      }
    },
    "node_modules/hanzilookup-js": {
      "version": "1.0.3",
      "resolved": "https://registry.npmjs.org/hanzilookup-js/-/hanzilookup-js-1.0.3.tgz",
      "integrity": "sha512-hEp1aBjbksw19exxZPrUINnq0LulEPG9k0SH5H/IiHomrVfILLo91kSaNHvI/wwdcemtWaVQEXG3mlxHdkfx9Q==",
      "license": "ISC"
    }
  }
}
